
Microsoft Visual Studio Solution File, Format Version 12.00
# Visual Studio Version 16
VisualStudioVersion = 16.0.809.2
MinimumVisualStudioVersion = 10.0.40219.1
Project("{FAE04EC0-301F-11D3-BF4B-00C04F79EFBC}") = "Assembly-CSharp-Editor", "Assembly-CSharp-Editor.csproj", "{4943391B-5CD9-EBD7-441E-2E8EB3E7458A}"
EndProject
Global
	GlobalSection(SolutionConfigurationPlatforms) = preSolution
		Debug|Any CPU = Debug|Any CPU
		Release|Any CPU = Release|Any CPU
	EndGlobalSection
	GlobalSection(ProjectConfigurationPlatforms) = postSolution
		{4943391B-5CD9-EBD7-441E-2E8EB3E7458A}.Debug|Any CPU.ActiveCfg = Debug|Any CPU
		{4943391B-5CD9-EBD7-441E-2E8EB3E7458A}.Debug|Any CPU.Build.0 = Debug|Any CPU
		{4943391B-5CD9-EBD7-441E-2E8EB3E7458A}.Release|Any CPU.ActiveCfg = Release|Any CPU
		{4943391B-5CD9-EBD7-441E-2E8EB3E7458A}.Release|Any CPU.Build.0 = Release|Any CPU
	EndGlobalSection
	GlobalSection(SolutionProperties) = preSolution
		HideSolutionNode = FALSE
	EndGlobalSection
	GlobalSection(ExtensibilityGlobals) = postSolution
		SolutionGuid = {48863DD4-C9D6-49BC-85FE-E3D05ADEEC3F}
	EndGlobalSection
EndGlobal
